
Microsoft Visual Studio Solution File, Format Version 12.00
# Visual Studio Version 16
VisualStudioVersion = 16.0.29519.181
MinimumVisualStudioVersion = 10.0.40219.1
Project("{FAE04EC0-301F-11D3-BF4B-00C04F79EFBC}") = "SIS.HTTP", "SIS.HTTP\SIS.HTTP.csproj", "{043FEE16-70C2-4538-B6ED-89AD733CE5C3}"
EndProject
Project("{FAE04EC0-301F-11D3-BF4B-00C04F79EFBC}") = "SIS.MVCFramework", "SIS.MVCFramework\SIS.MVCFramework.csproj", "{ACB14820-158F-4A2C-8014-452CDA941270}"
EndProject
Project("{FAE04EC0-301F-11D3-BF4B-00C04F79EFBC}") = "DemoApp", "DemoApp\DemoApp.csproj", "{C95EF835-D6E0-4920-A8EF-AE441247854B}"
EndProject
Global
	GlobalSection(SolutionConfigurationPlatforms) = preSolution
		Debug|Any CPU = Debug|Any CPU
		Release|Any CPU = Release|Any CPU
	EndGlobalSection
	GlobalSection(ProjectConfigurationPlatforms) = postSolution
		{043FEE16-70C2-4538-B6ED-89AD733CE5C3}.Debug|Any CPU.ActiveCfg = Debug|Any CPU
		{043FEE16-70C2-4538-B6ED-89AD733CE5C3}.Debug|Any CPU.Build.0 = Debug|Any CPU
		{043FEE16-70C2-4538-B6ED-89AD733CE5C3}.Release|Any CPU.ActiveCfg = Release|Any CPU
		{043FEE16-70C2-4538-B6ED-89AD733CE5C3}.Release|Any CPU.Build.0 = Release|Any CPU
		{ACB14820-158F-4A2C-8014-452CDA941270}.Debug|Any CPU.ActiveCfg = Debug|Any CPU
		{ACB14820-158F-4A2C-8014-452CDA941270}.Debug|Any CPU.Build.0 = Debug|Any CPU
		{ACB14820-158F-4A2C-8014-452CDA941270}.Release|Any CPU.ActiveCfg = Release|Any CPU
		{ACB14820-158F-4A2C-8014-452CDA941270}.Release|Any CPU.Build.0 = Release|Any CPU
		{C95EF835-D6E0-4920-A8EF-AE441247854B}.Debug|Any CPU.ActiveCfg = Debug|Any CPU
		{C95EF835-D6E0-4920-A8EF-AE441247854B}.Debug|Any CPU.Build.0 = Debug|Any CPU
		{C95EF835-D6E0-4920-A8EF-AE441247854B}.Release|Any CPU.ActiveCfg = Release|Any CPU
		{C95EF835-D6E0-4920-A8EF-AE441247854B}.Release|Any CPU.Build.0 = Release|Any CPU
	EndGlobalSection
	GlobalSection(SolutionProperties) = preSolution
		HideSolutionNode = FALSE
	EndGlobalSection
	GlobalSection(ExtensibilityGlobals) = postSolution
		SolutionGuid = {35EC13E4-BA98-4FEC-A409-F440430D044C}
	EndGlobalSection
EndGlobal
